
Microsoft Visual Studio Solution File, Format Version 12.00
# Visual Studio Version 17
VisualStudioVersion = 17.7.34024.191
MinimumVisualStudioVersion = 10.0.40219.1
Project("{FAE04EC0-301F-11D3-BF4B-00C04F79EFBC}") = "CarbonoZeroApi", "FilmesApi\CarbonoZeroApi.csproj", "{A6A6EB46-5CC3-4D8A-A206-B844B0AD038C}"
EndProject
Global
	GlobalSection(SolutionConfigurationPlatforms) = preSolution
		Debug|Any CPU = Debug|Any CPU
		Release|Any CPU = Release|Any CPU
	EndGlobalSection
	GlobalSection(ProjectConfigurationPlatforms) = postSolution
		{A6A6EB46-5CC3-4D8A-A206-B844B0AD038C}.Debug|Any CPU.ActiveCfg = Debug|Any CPU
		{A6A6EB46-5CC3-4D8A-A206-B844B0AD038C}.Debug|Any CPU.Build.0 = Debug|Any CPU
		{A6A6EB46-5CC3-4D8A-A206-B844B0AD038C}.Release|Any CPU.ActiveCfg = Release|Any CPU
		{A6A6EB46-5CC3-4D8A-A206-B844B0AD038C}.Release|Any CPU.Build.0 = Release|Any CPU
	EndGlobalSection
	GlobalSection(SolutionProperties) = preSolution
		HideSolutionNode = FALSE
	EndGlobalSection
	GlobalSection(ExtensibilityGlobals) = postSolution
		SolutionGuid = {8C29CE02-63B6-4A25-81ED-23A8191BCEE0}
	EndGlobalSection
EndGlobal
